{
  "object": {
    "pins": [
      {
        "package": "Mbark",
        "repositoryURL": "https://github.com/mbark-app-inc/mbark-sdk",
        "state": {
          "branch": null,
          "revision": "a050ffc2e63e2e795e249da755398de57ee32790",
          "version": "1.4.7"
        }
      }
    ]
  },
  "version": 1
}
