{
  "object": {
    "pins": [
      {
        "package": "Mbark",
        "repositoryURL": "https://github.com/mbark-app-inc/mbark-sdk",
        "state": {
          "branch": null,
          "revision": "a7cec33a4d199e67572fa3c5ecaf2c430ee77be9",
          "version": "1.4.5"
        }
      }
    ]
  },
  "version": 1
}
