{
  "object": {
    "pins": [
      {
        "package": "Mbark",
        "repositoryURL": "https://github.com/mbark-app-inc/mbark-sdk",
        "state": {
          "branch": null,
          "revision": "9392791f139036e367e489dfab8428c34faf9eff",
          "version": "1.4.9"
        }
      }
    ]
  },
  "version": 1
}
