// !$*UTF8*$!
{
	archiveVersion = 1;
	classes = {
	};
	objectVersion = 52;
	objects = {

/* Begin PBXBuildFile section */
		8B17862E27178BE700CBD454 /* StoreKitTestCertificate.cer in Resources */ = {isa = PBXBuildFile; fileRef = 8B17862D27178BE700CBD454 /* StoreKitTestCertificate.cer */; };
		8B5B580D270D3E470064DB1D /* PurchaseManager.swift in Sources */ = {isa = PBXBuildFile; fileRef = 8B5B580C270D3E470064DB1D /* PurchaseManager.swift */; };
		8B5B5810270D4F0A0064DB1D /* InAppPurchaseReceipt.swift in Sources */ = {isa = PBXBuildFile; fileRef = 8B5B580F270D4F0A0064DB1D /* InAppPurchaseReceipt.swift */; };
		8B5B5812270D4FBF0064DB1D /* ASN1.swift in Sources */ = {isa = PBXBuildFile; fileRef = 8B5B5811270D4FBF0064DB1D /* ASN1.swift */; };
		8B5B591B270D55B10064DB1D /* Receipt.swift in Sources */ = {isa = PBXBuildFile; fileRef = 8B5B591A270D55B10064DB1D /* Receipt.swift */; };
		8B5B598C270D589C0064DB1D /* opensslconf.h.orig in Resources */ = {isa = PBXBuildFile; fileRef = 8B5B5932270D589C0064DB1D /* opensslconf.h.orig */; };
		8B5B598D270D589C0064DB1D /* libcrypto.a in Frameworks */ = {isa = PBXBuildFile; fileRef = 8B5B598A270D589C0064DB1D /* libcrypto.a */; };
		8B5B598E270D589C0064DB1D /* libssl.a in Frameworks */ = {isa = PBXBuildFile; fileRef = 8B5B598B270D589C0064DB1D /* libssl.a */; };
		8BB3EB3F2705158B009A2A04 /* AppDelegate.swift in Sources */ = {isa = PBXBuildFile; fileRef = 8BB3EB3E2705158B009A2A04 /* AppDelegate.swift */; };
		8BB3EB412705158B009A2A04 /* SceneDelegate.swift in Sources */ = {isa = PBXBuildFile; fileRef = 8BB3EB402705158B009A2A04 /* SceneDelegate.swift */; };
		8BB3EB432705158B009A2A04 /* ViewController.swift in Sources */ = {isa = PBXBuildFile; fileRef = 8BB3EB422705158B009A2A04 /* ViewController.swift */; };
		8BB3EB462705158B009A2A04 /* Main.storyboard in Resources */ = {isa = PBXBuildFile; fileRef = 8BB3EB442705158B009A2A04 /* Main.storyboard */; };
		8BB3EB482705158C009A2A04 /* Assets.xcassets in Resources */ = {isa = PBXBuildFile; fileRef = 8BB3EB472705158C009A2A04 /* Assets.xcassets */; };
		8BB3EB4B2705158C009A2A04 /* LaunchScreen.storyboard in Resources */ = {isa = PBXBuildFile; fileRef = 8BB3EB492705158C009A2A04 /* LaunchScreen.storyboard */; };
		8BB3EB56270519AC009A2A04 /* Mbark-Info.plist in Resources */ = {isa = PBXBuildFile; fileRef = 8BB3EB55270519AC009A2A04 /* Mbark-Info.plist */; };
		8BE9CE2F27064F5500626FE8 /* Mbark in Frameworks */ = {isa = PBXBuildFile; productRef = 8BE9CE2E27064F5500626FE8 /* Mbark */; };
/* End PBXBuildFile section */

/* Begin PBXFileReference section */
		8B17862D27178BE700CBD454 /* StoreKitTestCertificate.cer */ = {isa = PBXFileReference; lastKnownFileType = file; path = StoreKitTestCertificate.cer; sourceTree = "<group>"; };
		8B5B580C270D3E470064DB1D /* PurchaseManager.swift */ = {isa = PBXFileReference; lastKnownFileType = sourcecode.swift; path = PurchaseManager.swift; sourceTree = "<group>"; };
		8B5B580F270D4F0A0064DB1D /* InAppPurchaseReceipt.swift */ = {isa = PBXFileReference; lastKnownFileType = sourcecode.swift; path = InAppPurchaseReceipt.swift; sourceTree = "<group>"; };
		8B5B5811270D4FBF0064DB1D /* ASN1.swift */ = {isa = PBXFileReference; lastKnownFileType = sourcecode.swift; path = ASN1.swift; sourceTree = "<group>"; };
		8B5B5916270D52130064DB1D /* MbarkExample-Bridging-Header.h */ = {isa = PBXFileReference; lastKnownFileType = sourcecode.c.h; path = "MbarkExample-Bridging-Header.h"; sourceTree = "<group>"; };
		8B5B591A270D55B10064DB1D /* Receipt.swift */ = {isa = PBXFileReference; lastKnownFileType = sourcecode.swift; path = Receipt.swift; sourceTree = "<group>"; };
		8B5B591F270D589C0064DB1D /* pem2.h */ = {isa = PBXFileReference; fileEncoding = 4; lastKnownFileType = sourcecode.c.h; path = pem2.h; sourceTree = "<group>"; };
		8B5B5920270D589C0064DB1D /* kdf.h */ = {isa = PBXFileReference; fileEncoding = 4; lastKnownFileType = sourcecode.c.h; path = kdf.h; sourceTree = "<group>"; };
		8B5B5921270D589C0064DB1D /* pem.h */ = {isa = PBXFileReference; fileEncoding = 4; lastKnownFileType = sourcecode.c.h; path = pem.h; sourceTree = "<group>"; };
		8B5B5922270D589C0064DB1D /* asyncerr.h */ = {isa = PBXFileReference; fileEncoding = 4; lastKnownFileType = sourcecode.c.h; path = asyncerr.h; sourceTree = "<group>"; };
		8B5B5923270D589C0064DB1D /* md2.h */ = {isa = PBXFileReference; fileEncoding = 4; lastKnownFileType = sourcecode.c.h; path = md2.h; sourceTree = "<group>"; };
		8B5B5924270D589C0064DB1D /* ssl3.h */ = {isa = PBXFileReference; fileEncoding = 4; lastKnownFileType = sourcecode.c.h; path = ssl3.h; sourceTree = "<group>"; };
		8B5B5925270D589C0064DB1D /* ossl_typ.h */ = {isa = PBXFileReference; fileEncoding = 4; lastKnownFileType = sourcecode.c.h; path = ossl_typ.h; sourceTree = "<group>"; };
		8B5B5926270D589C0064DB1D /* dtls1.h */ = {isa = PBXFileReference; fileEncoding = 4; lastKnownFileType = sourcecode.c.h; path = dtls1.h; sourceTree = "<group>"; };
		8B5B5927270D589C0064DB1D /* err.h */ = {isa = PBXFileReference; fileEncoding = 4; lastKnownFileType = sourcecode.c.h; path = err.h; sourceTree = "<group>"; };
		8B5B5928270D589C0064DB1D /* bn.h */ = {isa = PBXFileReference; fileEncoding = 4; lastKnownFileType = sourcecode.c.h; path = bn.h; sourceTree = "<group>"; };
		8B5B5929270D589C0064DB1D /* blowfish.h */ = {isa = PBXFileReference; fileEncoding = 4; lastKnownFileType = sourcecode.c.h; path = blowfish.h; sourceTree = "<group>"; };
		8B5B592A270D589C0064DB1D /* cms.h */ = {isa = PBXFileReference; fileEncoding = 4; lastKnownFileType = sourcecode.c.h; path = cms.h; sourceTree = "<group>"; };
		8B5B592B270D589C0064DB1D /* engine.h */ = {isa = PBXFileReference; fileEncoding = 4; lastKnownFileType = sourcecode.c.h; path = engine.h; sourceTree = "<group>"; };
		8B5B592C270D589C0064DB1D /* conf_api.h */ = {isa = PBXFileReference; fileEncoding = 4; lastKnownFileType = sourcecode.c.h; path = conf_api.h; sourceTree = "<group>"; };
		8B5B592D270D589C0064DB1D /* x509.h */ = {isa = PBXFileReference; fileEncoding = 4; lastKnownFileType = sourcecode.c.h; path = x509.h; sourceTree = "<group>"; };
		8B5B592E270D589C0064DB1D /* asn1_mac.h */ = {isa = PBXFileReference; fileEncoding = 4; lastKnownFileType = sourcecode.c.h; path = asn1_mac.h; sourceTree = "<group>"; };
		8B5B592F270D589C0064DB1D /* objectserr.h */ = {isa = PBXFileReference; fileEncoding = 4; lastKnownFileType = sourcecode.c.h; path = objectserr.h; sourceTree = "<group>"; };
		8B5B5930270D589C0064DB1D /* cmserr.h */ = {isa = PBXFileReference; fileEncoding = 4; lastKnownFileType = sourcecode.c.h; path = cmserr.h; sourceTree = "<group>"; };
		8B5B5931270D589C0064DB1D /* ui.h */ = {isa = PBXFileReference; fileEncoding = 4; lastKnownFileType = sourcecode.c.h; path = ui.h; sourceTree = "<group>"; };
		8B5B5932270D589C0064DB1D /* opensslconf.h.orig */ = {isa = PBXFileReference; fileEncoding = 4; lastKnownFileType = text; path = opensslconf.h.orig; sourceTree = "<group>"; };
		8B5B5933270D589C0064DB1D /* sha.h */ = {isa = PBXFileReference; fileEncoding = 4; lastKnownFileType = sourcecode.c.h; path = sha.h; sourceTree = "<group>"; };
		8B5B5934270D589C0064DB1D /* symhacks.h */ = {isa = PBXFileReference; fileEncoding = 4; lastKnownFileType = sourcecode.c.h; path = symhacks.h; sourceTree = "<group>"; };
		8B5B5935270D589C0064DB1D /* asn1.h */ = {isa = PBXFileReference; fileEncoding = 4; lastKnownFileType = sourcecode.c.h; path = asn1.h; sourceTree = "<group>"; };
		8B5B5936270D589C0064DB1D /* bioerr.h */ = {isa = PBXFileReference; fileEncoding = 4; lastKnownFileType = sourcecode.c.h; path = bioerr.h; sourceTree = "<group>"; };
		8B5B5937270D589C0064DB1D /* opensslconf.h */ = {isa = PBXFileReference; fileEncoding = 4; lastKnownFileType = sourcecode.c.h; path = opensslconf.h; sourceTree = "<group>"; };
		8B5B5938270D589C0064DB1D /* bio.h */ = {isa = PBXFileReference; fileEncoding = 4; lastKnownFileType = sourcecode.c.h; path = bio.h; sourceTree = "<group>"; };
		8B5B5939270D589C0064DB1D /* rc2.h */ = {isa = PBXFileReference; fileEncoding = 4; lastKnownFileType = sourcecode.c.h; path = rc2.h; sourceTree = "<group>"; };
		8B5B593A270D589C0064DB1D /* dh.h */ = {isa = PBXFileReference; fileEncoding = 4; lastKnownFileType = sourcecode.c.h; path = dh.h; sourceTree = "<group>"; };
		8B5B593B270D589C0064DB1D /* x509v3.h */ = {isa = PBXFileReference; fileEncoding = 4; lastKnownFileType = sourcecode.c.h; path = x509v3.h; sourceTree = "<group>"; };
		8B5B593C270D589C0064DB1D /* conf.h */ = {isa = PBXFileReference; fileEncoding = 4; lastKnownFileType = sourcecode.c.h; path = conf.h; sourceTree = "<group>"; };
		8B5B593D270D589C0064DB1D /* rand_drbg.h */ = {isa = PBXFileReference; fileEncoding = 4; lastKnownFileType = sourcecode.c.h; path = rand_drbg.h; sourceTree = "<group>"; };
		8B5B593E270D589C0064DB1D /* md5.h */ = {isa = PBXFileReference; fileEncoding = 4; lastKnownFileType = sourcecode.c.h; path = md5.h; sourceTree = "<group>"; };
		8B5B593F270D589C0064DB1D /* pemerr.h */ = {isa = PBXFileReference; fileEncoding = 4; lastKnownFileType = sourcecode.c.h; path = pemerr.h; sourceTree = "<group>"; };
		8B5B5940270D589C0064DB1D /* asn1_locl.h */ = {isa = PBXFileReference; fileEncoding = 4; lastKnownFileType = sourcecode.c.h; path = asn1_locl.h; sourceTree = "<group>"; };
		8B5B5941270D589C0064DB1D /* x509_vfy.h */ = {isa = PBXFileReference; fileEncoding = 4; lastKnownFileType = sourcecode.c.h; path = x509_vfy.h; sourceTree = "<group>"; };
		8B5B5942270D589C0064DB1D /* txt_db.h */ = {isa = PBXFileReference; fileEncoding = 4; lastKnownFileType = sourcecode.c.h; path = txt_db.h; sourceTree = "<group>"; };
		8B5B5943270D589C0064DB1D /* comperr.h */ = {isa = PBXFileReference; fileEncoding = 4; lastKnownFileType = sourcecode.c.h; path = comperr.h; sourceTree = "<group>"; };
		8B5B5944270D589C0064DB1D /* cterr.h */ = {isa = PBXFileReference; fileEncoding = 4; lastKnownFileType = sourcecode.c.h; path = cterr.h; sourceTree = "<group>"; };
		8B5B5945270D589C0064DB1D /* safestack.h */ = {isa = PBXFileReference; fileEncoding = 4; lastKnownFileType = sourcecode.c.h; path = safestack.h; sourceTree = "<group>"; };
		8B5B5946270D589C0064DB1D /* ecdsa.h */ = {isa = PBXFileReference; fileEncoding = 4; lastKnownFileType = sourcecode.c.h; path = ecdsa.h; sourceTree = "<group>"; };
		8B5B5947270D589C0064DB1D /* sslerr.h */ = {isa = PBXFileReference; fileEncoding = 4; lastKnownFileType = sourcecode.c.h; path = sslerr.h; sourceTree = "<group>"; };
		8B5B5948270D589C0064DB1D /* rc5.h */ = {isa = PBXFileReference; fileEncoding = 4; lastKnownFileType = sourcecode.c.h; path = rc5.h; sourceTree = "<group>"; };
		8B5B5949270D589C0064DB1D /* uierr.h */ = {isa = PBXFileReference; fileEncoding = 4; lastKnownFileType = sourcecode.c.h; path = uierr.h; sourceTree = "<group>"; };
		8B5B594A270D589C0064DB1D /* x509v3err.h */ = {isa = PBXFileReference; fileEncoding = 4; lastKnownFileType = sourcecode.c.h; path = x509v3err.h; sourceTree = "<group>"; };
		8B5B594B270D589C0064DB1D /* objects.h */ = {isa = PBXFileReference; fileEncoding = 4; lastKnownFileType = sourcecode.c.h; path = objects.h; sourceTree = "<group>"; };
		8B5B594C270D589C0064DB1D /* pkcs12.h */ = {isa = PBXFileReference; fileEncoding = 4; lastKnownFileType = sourcecode.c.h; path = pkcs12.h; sourceTree = "<group>"; };
		8B5B594D270D589C0064DB1D /* crypto.h */ = {isa = PBXFileReference; fileEncoding = 4; lastKnownFileType = sourcecode.c.h; path = crypto.h; sourceTree = "<group>"; };
		8B5B594E270D589C0064DB1D /* opensslv.h */ = {isa = PBXFileReference; fileEncoding = 4; lastKnownFileType = sourcecode.c.h; path = opensslv.h; sourceTree = "<group>"; };
		8B5B594F270D589C0064DB1D /* evperr.h */ = {isa = PBXFileReference; fileEncoding = 4; lastKnownFileType = sourcecode.c.h; path = evperr.h; sourceTree = "<group>"; };
		8B5B5950270D589C0064DB1D /* pkcs7.h */ = {isa = PBXFileReference; fileEncoding = 4; lastKnownFileType = sourcecode.c.h; path = pkcs7.h; sourceTree = "<group>"; };
		8B5B5951270D589C0064DB1D /* obj_mac.h */ = {isa = PBXFileReference; fileEncoding = 4; lastKnownFileType = sourcecode.c.h; path = obj_mac.h; sourceTree = "<group>"; };
		8B5B5952270D589C0064DB1D /* ct.h */ = {isa = PBXFileReference; fileEncoding = 4; lastKnownFileType = sourcecode.c.h; path = ct.h; sourceTree = "<group>"; };
		8B5B5953270D589C0064DB1D /* async.h */ = {isa = PBXFileReference; fileEncoding = 4; lastKnownFileType = sourcecode.c.h; path = async.h; sourceTree = "<group>"; };
		8B5B5954270D589C0064DB1D /* buffer.h */ = {isa = PBXFileReference; fileEncoding = 4; lastKnownFileType = sourcecode.c.h; path = buffer.h; sourceTree = "<group>"; };
		8B5B5955270D589C0064DB1D /* ssl.h */ = {isa = PBXFileReference; fileEncoding = 4; lastKnownFileType = sourcecode.c.h; path = ssl.h; sourceTree = "<group>"; };
		8B5B5956270D589C0064DB1D /* srp.h */ = {isa = PBXFileReference; fileEncoding = 4; lastKnownFileType = sourcecode.c.h; path = srp.h; sourceTree = "<group>"; };
		8B5B5957270D589C0064DB1D /* camellia.h */ = {isa = PBXFileReference; fileEncoding = 4; lastKnownFileType = sourcecode.c.h; path = camellia.h; sourceTree = "<group>"; };
		8B5B5958270D589C0064DB1D /* dherr.h */ = {isa = PBXFileReference; fileEncoding = 4; lastKnownFileType = sourcecode.c.h; path = dherr.h; sourceTree = "<group>"; };
		8B5B5959270D589C0064DB1D /* evp.h */ = {isa = PBXFileReference; fileEncoding = 4; lastKnownFileType = sourcecode.c.h; path = evp.h; sourceTree = "<group>"; };
		8B5B595A270D589C0064DB1D /* e_os2.h */ = {isa = PBXFileReference; fileEncoding = 4; lastKnownFileType = sourcecode.c.h; path = e_os2.h; sourceTree = "<group>"; };
		8B5B595B270D589C0064DB1D /* md4.h */ = {isa = PBXFileReference; fileEncoding = 4; lastKnownFileType = sourcecode.c.h; path = md4.h; sourceTree = "<group>"; };
		8B5B595C270D589C0064DB1D /* hmac.h */ = {isa = PBXFileReference; fileEncoding = 4; lastKnownFileType = sourcecode.c.h; path = hmac.h; sourceTree = "<group>"; };
		8B5B595D270D589C0064DB1D /* aes.h */ = {isa = PBXFileReference; fileEncoding = 4; lastKnownFileType = sourcecode.c.h; path = aes.h; sourceTree = "<group>"; };
		8B5B595E270D589C0064DB1D /* engineerr.h */ = {isa = PBXFileReference; fileEncoding = 4; lastKnownFileType = sourcecode.c.h; path = engineerr.h; sourceTree = "<group>"; };
		8B5B595F270D589C0064DB1D /* comp.h */ = {isa = PBXFileReference; fileEncoding = 4; lastKnownFileType = sourcecode.c.h; path = comp.h; sourceTree = "<group>"; };
		8B5B5960270D589C0064DB1D /* pkcs12err.h */ = {isa = PBXFileReference; fileEncoding = 4; lastKnownFileType = sourcecode.c.h; path = pkcs12err.h; sourceTree = "<group>"; };
		8B5B5961270D589C0064DB1D /* cast.h */ = {isa = PBXFileReference; fileEncoding = 4; lastKnownFileType = sourcecode.c.h; path = cast.h; sourceTree = "<group>"; };
		8B5B5962270D589C0064DB1D /* rc4.h */ = {isa = PBXFileReference; fileEncoding = 4; lastKnownFileType = sourcecode.c.h; path = rc4.h; sourceTree = "<group>"; };
		8B5B5963270D589C0064DB1D /* stack.h */ = {isa = PBXFileReference; fileEncoding = 4; lastKnownFileType = sourcecode.c.h; path = stack.h; sourceTree = "<group>"; };
		8B5B5964270D589C0064DB1D /* des.h */ = {isa = PBXFileReference; fileEncoding = 4; lastKnownFileType = sourcecode.c.h; path = des.h; sourceTree = "<group>"; };
		8B5B5965270D589C0064DB1D /* ocsp.h */ = {isa = PBXFileReference; fileEncoding = 4; lastKnownFileType = sourcecode.c.h; path = ocsp.h; sourceTree = "<group>"; };
		8B5B5966270D589C0064DB1D /* ec.h */ = {isa = PBXFileReference; fileEncoding = 4; lastKnownFileType = sourcecode.c.h; path = ec.h; sourceTree = "<group>"; };
		8B5B5967270D589C0064DB1D /* ecdh.h */ = {isa = PBXFileReference; fileEncoding = 4; lastKnownFileType = sourcecode.c.h; path = ecdh.h; sourceTree = "<group>"; };
		8B5B5968270D589C0064DB1D /* rand.h */ = {isa = PBXFileReference; fileEncoding = 4; lastKnownFileType = sourcecode.c.h; path = rand.h; sourceTree = "<group>"; };
		8B5B5969270D589C0064DB1D /* ecerr.h */ = {isa = PBXFileReference; fileEncoding = 4; lastKnownFileType = sourcecode.c.h; path = ecerr.h; sourceTree = "<group>"; };
		8B5B596A270D589C0064DB1D /* ts.h */ = {isa = PBXFileReference; fileEncoding = 4; lastKnownFileType = sourcecode.c.h; path = ts.h; sourceTree = "<group>"; };
		8B5B596B270D589C0064DB1D /* cryptoerr.h */ = {isa = PBXFileReference; fileEncoding = 4; lastKnownFileType = sourcecode.c.h; path = cryptoerr.h; sourceTree = "<group>"; };
		8B5B596C270D589C0064DB1D /* storeerr.h */ = {isa = PBXFileReference; fileEncoding = 4; lastKnownFileType = sourcecode.c.h; path = storeerr.h; sourceTree = "<group>"; };
		8B5B596D270D589C0064DB1D /* buffererr.h */ = {isa = PBXFileReference; fileEncoding = 4; lastKnownFileType = sourcecode.c.h; path = buffererr.h; sourceTree = "<group>"; };
		8B5B596E270D589C0064DB1D /* seed.h */ = {isa = PBXFileReference; fileEncoding = 4; lastKnownFileType = sourcecode.c.h; path = seed.h; sourceTree = "<group>"; };
		8B5B596F270D589C0064DB1D /* modes.h */ = {isa = PBXFileReference; fileEncoding = 4; lastKnownFileType = sourcecode.c.h; path = modes.h; sourceTree = "<group>"; };
		8B5B5970270D589C0064DB1D /* ssl2.h */ = {isa = PBXFileReference; fileEncoding = 4; lastKnownFileType = sourcecode.c.h; path = ssl2.h; sourceTree = "<group>"; };
		8B5B5971270D589C0064DB1D /* tserr.h */ = {isa = PBXFileReference; fileEncoding = 4; lastKnownFileType = sourcecode.c.h; path = tserr.h; sourceTree = "<group>"; };
		8B5B5972270D589C0064DB1D /* rsa.h */ = {isa = PBXFileReference; fileEncoding = 4; lastKnownFileType = sourcecode.c.h; path = rsa.h; sourceTree = "<group>"; };
		8B5B5973270D589C0064DB1D /* ripemd.h */ = {isa = PBXFileReference; fileEncoding = 4; lastKnownFileType = sourcecode.c.h; path = ripemd.h; sourceTree = "<group>"; };
		8B5B5974270D589C0064DB1D /* whrlpool.h */ = {isa = PBXFileReference; fileEncoding = 4; lastKnownFileType = sourcecode.c.h; path = whrlpool.h; sourceTree = "<group>"; };
		8B5B5975270D589C0064DB1D /* tls1.h */ = {isa = PBXFileReference; fileEncoding = 4; lastKnownFileType = sourcecode.c.h; path = tls1.h; sourceTree = "<group>"; };
		8B5B5976270D589C0064DB1D /* rsaerr.h */ = {isa = PBXFileReference; fileEncoding = 4; lastKnownFileType = sourcecode.c.h; path = rsaerr.h; sourceTree = "<group>"; };
		8B5B5977270D589C0064DB1D /* randerr.h */ = {isa = PBXFileReference; fileEncoding = 4; lastKnownFileType = sourcecode.c.h; path = randerr.h; sourceTree = "<group>"; };
		8B5B5978270D589C0064DB1D /* mdc2.h */ = {isa = PBXFileReference; fileEncoding = 4; lastKnownFileType = sourcecode.c.h; path = mdc2.h; sourceTree = "<group>"; };
		8B5B5979270D589C0064DB1D /* ocsperr.h */ = {isa = PBXFileReference; fileEncoding = 4; lastKnownFileType = sourcecode.c.h; path = ocsperr.h; sourceTree = "<group>"; };
		8B5B597A270D589C0064DB1D /* x509err.h */ = {isa = PBXFileReference; fileEncoding = 4; lastKnownFileType = sourcecode.c.h; path = x509err.h; sourceTree = "<group>"; };
		8B5B597B270D589C0064DB1D /* pkcs7err.h */ = {isa = PBXFileReference; fileEncoding = 4; lastKnownFileType = sourcecode.c.h; path = pkcs7err.h; sourceTree = "<group>"; };
		8B5B597C270D589C0064DB1D /* dsa.h */ = {isa = PBXFileReference; fileEncoding = 4; lastKnownFileType = sourcecode.c.h; path = dsa.h; sourceTree = "<group>"; };
		8B5B597D270D589C0064DB1D /* kdferr.h */ = {isa = PBXFileReference; fileEncoding = 4; lastKnownFileType = sourcecode.c.h; path = kdferr.h; sourceTree = "<group>"; };
		8B5B597E270D589C0064DB1D /* srtp.h */ = {isa = PBXFileReference; fileEncoding = 4; lastKnownFileType = sourcecode.c.h; path = srtp.h; sourceTree = "<group>"; };
		8B5B597F270D589C0064DB1D /* asn1t.h */ = {isa = PBXFileReference; fileEncoding = 4; lastKnownFileType = sourcecode.c.h; path = asn1t.h; sourceTree = "<group>"; };
		8B5B5980270D589C0064DB1D /* dsaerr.h */ = {isa = PBXFileReference; fileEncoding = 4; lastKnownFileType = sourcecode.c.h; path = dsaerr.h; sourceTree = "<group>"; };
		8B5B5981270D589C0064DB1D /* bnerr.h */ = {isa = PBXFileReference; fileEncoding = 4; lastKnownFileType = sourcecode.c.h; path = bnerr.h; sourceTree = "<group>"; };
		8B5B5982270D589C0064DB1D /* conferr.h */ = {isa = PBXFileReference; fileEncoding = 4; lastKnownFileType = sourcecode.c.h; path = conferr.h; sourceTree = "<group>"; };
		8B5B5983270D589C0064DB1D /* cmac.h */ = {isa = PBXFileReference; fileEncoding = 4; lastKnownFileType = sourcecode.c.h; path = cmac.h; sourceTree = "<group>"; };
		8B5B5984270D589C0064DB1D /* ebcdic.h */ = {isa = PBXFileReference; fileEncoding = 4; lastKnownFileType = sourcecode.c.h; path = ebcdic.h; sourceTree = "<group>"; };
		8B5B5985270D589C0064DB1D /* store.h */ = {isa = PBXFileReference; fileEncoding = 4; lastKnownFileType = sourcecode.c.h; path = store.h; sourceTree = "<group>"; };
		8B5B5986270D589C0064DB1D /* idea.h */ = {isa = PBXFileReference; fileEncoding = 4; lastKnownFileType = sourcecode.c.h; path = idea.h; sourceTree = "<group>"; };
		8B5B5987270D589C0064DB1D /* lhash.h */ = {isa = PBXFileReference; fileEncoding = 4; lastKnownFileType = sourcecode.c.h; path = lhash.h; sourceTree = "<group>"; };
		8B5B5988270D589C0064DB1D /* asn1err.h */ = {isa = PBXFileReference; fileEncoding = 4; lastKnownFileType = sourcecode.c.h; path = asn1err.h; sourceTree = "<group>"; };
		8B5B598A270D589C0064DB1D /* libcrypto.a */ = {isa = PBXFileReference; lastKnownFileType = archive.ar; path = libcrypto.a; sourceTree = "<group>"; };
		8B5B598B270D589C0064DB1D /* libssl.a */ = {isa = PBXFileReference; lastKnownFileType = archive.ar; path = libssl.a; sourceTree = "<group>"; };
		8BB3EB3B2705158B009A2A04 /* MbarkExample.app */ = {isa = PBXFileReference; explicitFileType = wrapper.application; includeInIndex = 0; path = MbarkExample.app; sourceTree = BUILT_PRODUCTS_DIR; };
		8BB3EB3E2705158B009A2A04 /* AppDelegate.swift */ = {isa = PBXFileReference; lastKnownFileType = sourcecode.swift; path = AppDelegate.swift; sourceTree = "<group>"; };
		8BB3EB402705158B009A2A04 /* SceneDelegate.swift */ = {isa = PBXFileReference; lastKnownFileType = sourcecode.swift; path = SceneDelegate.swift; sourceTree = "<group>"; };
		8BB3EB422705158B009A2A04 /* ViewController.swift */ = {isa = PBXFileReference; lastKnownFileType = sourcecode.swift; path = ViewController.swift; sourceTree = "<group>"; };
		8BB3EB452705158B009A2A04 /* Base */ = {isa = PBXFileReference; lastKnownFileType = file.storyboard; name = Base; path = Base.lproj/Main.storyboard; sourceTree = "<group>"; };
		8BB3EB472705158C009A2A04 /* Assets.xcassets */ = {isa = PBXFileReference; lastKnownFileType = folder.assetcatalog; path = Assets.xcassets; sourceTree = "<group>"; };
		8BB3EB4A2705158C009A2A04 /* Base */ = {isa = PBXFileReference; lastKnownFileType = file.storyboard; name = Base; path = Base.lproj/LaunchScreen.storyboard; sourceTree = "<group>"; };
		8BB3EB4C2705158C009A2A04 /* Info.plist */ = {isa = PBXFileReference; lastKnownFileType = text.plist.xml; path = Info.plist; sourceTree = "<group>"; };
		8BB3EB55270519AC009A2A04 /* Mbark-Info.plist */ = {isa = PBXFileReference; lastKnownFileType = text.plist.xml; path = "Mbark-Info.plist"; sourceTree = "<group>"; };
		8BCA1822270CE47F00CB1310 /* Subscriptions.storekit */ = {isa = PBXFileReference; lastKnownFileType = text; path = Subscriptions.storekit; sourceTree = "<group>"; };
/* End PBXFileReference section */

/* Begin PBXFrameworksBuildPhase section */
		8BB3EB382705158B009A2A04 /* Frameworks */ = {
			isa = PBXFrameworksBuildPhase;
			buildActionMask = 2147483647;
			files = (
				8B5B598D270D589C0064DB1D /* libcrypto.a in Frameworks */,
				8BE9CE2F27064F5500626FE8 /* Mbark in Frameworks */,
				8B5B598E270D589C0064DB1D /* libssl.a in Frameworks */,
			);
			runOnlyForDeploymentPostprocessing = 0;
		};
/* End PBXFrameworksBuildPhase section */

/* Begin PBXGroup section */
		8B5B580E270D4EF90064DB1D /* IAP */ = {
			isa = PBXGroup;
			children = (
				8B5B580C270D3E470064DB1D /* PurchaseManager.swift */,
				8B5B580F270D4F0A0064DB1D /* InAppPurchaseReceipt.swift */,
				8B5B5811270D4FBF0064DB1D /* ASN1.swift */,
				8B5B591A270D55B10064DB1D /* Receipt.swift */,
			);
			path = IAP;
			sourceTree = "<group>";
		};
		8B5B591C270D589C0064DB1D /* OpenSSL */ = {
			isa = PBXGroup;
			children = (
				8B5B591D270D589C0064DB1D /* include */,
				8B5B5989270D589C0064DB1D /* lib */,
			);
			path = OpenSSL;
			sourceTree = SOURCE_ROOT;
		};
		8B5B591D270D589C0064DB1D /* include */ = {
			isa = PBXGroup;
			children = (
				8B5B591E270D589C0064DB1D /* openssl */,
			);
			path = include;
			sourceTree = "<group>";
		};
		8B5B591E270D589C0064DB1D /* openssl */ = {
			isa = PBXGroup;
			children = (
				8B5B591F270D589C0064DB1D /* pem2.h */,
				8B5B5920270D589C0064DB1D /* kdf.h */,
				8B5B5921270D589C0064DB1D /* pem.h */,
				8B5B5922270D589C0064DB1D /* asyncerr.h */,
				8B5B5923270D589C0064DB1D /* md2.h */,
				8B5B5924270D589C0064DB1D /* ssl3.h */,
				8B5B5925270D589C0064DB1D /* ossl_typ.h */,
				8B5B5926270D589C0064DB1D /* dtls1.h */,
				8B5B5927270D589C0064DB1D /* err.h */,
				8B5B5928270D589C0064DB1D /* bn.h */,
				8B5B5929270D589C0064DB1D /* blowfish.h */,
				8B5B592A270D589C0064DB1D /* cms.h */,
				8B5B592B270D589C0064DB1D /* engine.h */,
				8B5B592C270D589C0064DB1D /* conf_api.h */,
				8B5B592D270D589C0064DB1D /* x509.h */,
				8B5B592E270D589C0064DB1D /* asn1_mac.h */,
				8B5B592F270D589C0064DB1D /* objectserr.h */,
				8B5B5930270D589C0064DB1D /* cmserr.h */,
				8B5B5931270D589C0064DB1D /* ui.h */,
				8B5B5932270D589C0064DB1D /* opensslconf.h.orig */,
				8B5B5933270D589C0064DB1D /* sha.h */,
				8B5B5934270D589C0064DB1D /* symhacks.h */,
				8B5B5935270D589C0064DB1D /* asn1.h */,
				8B5B5936270D589C0064DB1D /* bioerr.h */,
				8B5B5937270D589C0064DB1D /* opensslconf.h */,
				8B5B5938270D589C0064DB1D /* bio.h */,
				8B5B5939270D589C0064DB1D /* rc2.h */,
				8B5B593A270D589C0064DB1D /* dh.h */,
				8B5B593B270D589C0064DB1D /* x509v3.h */,
				8B5B593C270D589C0064DB1D /* conf.h */,
				8B5B593D270D589C0064DB1D /* rand_drbg.h */,
				8B5B593E270D589C0064DB1D /* md5.h */,
				8B5B593F270D589C0064DB1D /* pemerr.h */,
				8B5B5940270D589C0064DB1D /* asn1_locl.h */,
				8B5B5941270D589C0064DB1D /* x509_vfy.h */,
				8B5B5942270D589C0064DB1D /* txt_db.h */,
				8B5B5943270D589C0064DB1D /* comperr.h */,
				8B5B5944270D589C0064DB1D /* cterr.h */,
				8B5B5945270D589C0064DB1D /* safestack.h */,
				8B5B5946270D589C0064DB1D /* ecdsa.h */,
				8B5B5947270D589C0064DB1D /* sslerr.h */,
				8B5B5948270D589C0064DB1D /* rc5.h */,
				8B5B5949270D589C0064DB1D /* uierr.h */,
				8B5B594A270D589C0064DB1D /* x509v3err.h */,
				8B5B594B270D589C0064DB1D /* objects.h */,
				8B5B594C270D589C0064DB1D /* pkcs12.h */,
				8B5B594D270D589C0064DB1D /* crypto.h */,
				8B5B594E270D589C0064DB1D /* opensslv.h */,
				8B5B594F270D589C0064DB1D /* evperr.h */,
				8B5B5950270D589C0064DB1D /* pkcs7.h */,
				8B5B5951270D589C0064DB1D /* obj_mac.h */,
				8B5B5952270D589C0064DB1D /* ct.h */,
				8B5B5953270D589C0064DB1D /* async.h */,
				8B5B5954270D589C0064DB1D /* buffer.h */,
				8B5B5955270D589C0064DB1D /* ssl.h */,
				8B5B5956270D589C0064DB1D /* srp.h */,
				8B5B5957270D589C0064DB1D /* camellia.h */,
				8B5B5958270D589C0064DB1D /* dherr.h */,
				8B5B5959270D589C0064DB1D /* evp.h */,
				8B5B595A270D589C0064DB1D /* e_os2.h */,
				8B5B595B270D589C0064DB1D /* md4.h */,
				8B5B595C270D589C0064DB1D /* hmac.h */,
				8B5B595D270D589C0064DB1D /* aes.h */,
				8B5B595E270D589C0064DB1D /* engineerr.h */,
				8B5B595F270D589C0064DB1D /* comp.h */,
				8B5B5960270D589C0064DB1D /* pkcs12err.h */,
				8B5B5961270D589C0064DB1D /* cast.h */,
				8B5B5962270D589C0064DB1D /* rc4.h */,
				8B5B5963270D589C0064DB1D /* stack.h */,
				8B5B5964270D589C0064DB1D /* des.h */,
				8B5B5965270D589C0064DB1D /* ocsp.h */,
				8B5B5966270D589C0064DB1D /* ec.h */,
				8B5B5967270D589C0064DB1D /* ecdh.h */,
				8B5B5968270D589C0064DB1D /* rand.h */,
				8B5B5969270D589C0064DB1D /* ecerr.h */,
				8B5B596A270D589C0064DB1D /* ts.h */,
				8B5B596B270D589C0064DB1D /* cryptoerr.h */,
				8B5B596C270D589C0064DB1D /* storeerr.h */,
				8B5B596D270D589C0064DB1D /* buffererr.h */,
				8B5B596E270D589C0064DB1D /* seed.h */,
				8B5B596F270D589C0064DB1D /* modes.h */,
				8B5B5970270D589C0064DB1D /* ssl2.h */,
				8B5B5971270D589C0064DB1D /* tserr.h */,
				8B5B5972270D589C0064DB1D /* rsa.h */,
				8B5B5973270D589C0064DB1D /* ripemd.h */,
				8B5B5974270D589C0064DB1D /* whrlpool.h */,
				8B5B5975270D589C0064DB1D /* tls1.h */,
				8B5B5976270D589C0064DB1D /* rsaerr.h */,
				8B5B5977270D589C0064DB1D /* randerr.h */,
				8B5B5978270D589C0064DB1D /* mdc2.h */,
				8B5B5979270D589C0064DB1D /* ocsperr.h */,
				8B5B597A270D589C0064DB1D /* x509err.h */,
				8B5B597B270D589C0064DB1D /* pkcs7err.h */,
				8B5B597C270D589C0064DB1D /* dsa.h */,
				8B5B597D270D589C0064DB1D /* kdferr.h */,
				8B5B597E270D589C0064DB1D /* srtp.h */,
				8B5B597F270D589C0064DB1D /* asn1t.h */,
				8B5B5980270D589C0064DB1D /* dsaerr.h */,
				8B5B5981270D589C0064DB1D /* bnerr.h */,
				8B5B5982270D589C0064DB1D /* conferr.h */,
				8B5B5983270D589C0064DB1D /* cmac.h */,
				8B5B5984270D589C0064DB1D /* ebcdic.h */,
				8B5B5985270D589C0064DB1D /* store.h */,
				8B5B5986270D589C0064DB1D /* idea.h */,
				8B5B5987270D589C0064DB1D /* lhash.h */,
				8B5B5988270D589C0064DB1D /* asn1err.h */,
			);
			path = openssl;
			sourceTree = "<group>";
		};
		8B5B5989270D589C0064DB1D /* lib */ = {
			isa = PBXGroup;
			children = (
				8B5B598A270D589C0064DB1D /* libcrypto.a */,
				8B5B598B270D589C0064DB1D /* libssl.a */,
			);
			path = lib;
			sourceTree = "<group>";
		};
		8BB3EB322705158B009A2A04 = {
			isa = PBXGroup;
			children = (
				8BB3EB3D2705158B009A2A04 /* MbarkExample */,
				8BB3EB3C2705158B009A2A04 /* Products */,
				8B5B5916270D52130064DB1D /* MbarkExample-Bridging-Header.h */,
			);
			sourceTree = "<group>";
		};
		8BB3EB3C2705158B009A2A04 /* Products */ = {
			isa = PBXGroup;
			children = (
				8BB3EB3B2705158B009A2A04 /* MbarkExample.app */,
			);
			name = Products;
			sourceTree = "<group>";
		};
		8BB3EB3D2705158B009A2A04 /* MbarkExample */ = {
			isa = PBXGroup;
			children = (
				8B5B591C270D589C0064DB1D /* OpenSSL */,
				8B5B580E270D4EF90064DB1D /* IAP */,
				8BCA1821270CE45D00CB1310 /* StoreKit */,
				8BB3EB3E2705158B009A2A04 /* AppDelegate.swift */,
				8BB3EB402705158B009A2A04 /* SceneDelegate.swift */,
				8BB3EB422705158B009A2A04 /* ViewController.swift */,
				8BB3EB442705158B009A2A04 /* Main.storyboard */,
				8BB3EB472705158C009A2A04 /* Assets.xcassets */,
				8BB3EB492705158C009A2A04 /* LaunchScreen.storyboard */,
				8BB3EB4C2705158C009A2A04 /* Info.plist */,
				8BB3EB55270519AC009A2A04 /* Mbark-Info.plist */,
			);
			path = MbarkExample;
			sourceTree = "<group>";
		};
		8BCA1821270CE45D00CB1310 /* StoreKit */ = {
			isa = PBXGroup;
			children = (
				8BCA1822270CE47F00CB1310 /* Subscriptions.storekit */,
				8B17862D27178BE700CBD454 /* StoreKitTestCertificate.cer */,
			);
			path = StoreKit;
			sourceTree = "<group>";
		};
/* End PBXGroup section */

/* Begin PBXNativeTarget section */
		8BB3EB3A2705158B009A2A04 /* MbarkExample */ = {
			isa = PBXNativeTarget;
			buildConfigurationList = 8BB3EB4F2705158C009A2A04 /* Build configuration list for PBXNativeTarget "MbarkExample" */;
			buildPhases = (
				8BB3EB372705158B009A2A04 /* Sources */,
				8BB3EB382705158B009A2A04 /* Frameworks */,
				8BB3EB392705158B009A2A04 /* Resources */,
			);
			buildRules = (
			);
			dependencies = (
			);
			name = MbarkExample;
			packageProductDependencies = (
				8BE9CE2E27064F5500626FE8 /* Mbark */,
			);
			productName = MbarkExample;
			productReference = 8BB3EB3B2705158B009A2A04 /* MbarkExample.app */;
			productType = "com.apple.product-type.application";
		};
/* End PBXNativeTarget section */

/* Begin PBXProject section */
		8BB3EB332705158B009A2A04 /* Project object */ = {
			isa = PBXProject;
			attributes = {
				LastSwiftUpdateCheck = 1250;
				LastUpgradeCheck = 1250;
				TargetAttributes = {
					8BB3EB3A2705158B009A2A04 = {
						CreatedOnToolsVersion = 12.5.1;
						LastSwiftMigration = 1250;
					};
				};
			};
			buildConfigurationList = 8BB3EB362705158B009A2A04 /* Build configuration list for PBXProject "MbarkExample" */;
			compatibilityVersion = "Xcode 9.3";
			developmentRegion = en;
			hasScannedForEncodings = 0;
			knownRegions = (
				en,
				Base,
			);
			mainGroup = 8BB3EB322705158B009A2A04;
			packageReferences = (
				8BE9CE2D27064F5500626FE8 /* XCRemoteSwiftPackageReference "mbark-sdk" */,
			);
			productRefGroup = 8BB3EB3C2705158B009A2A04 /* Products */;
			projectDirPath = "";
			projectRoot = "";
			targets = (
				8BB3EB3A2705158B009A2A04 /* MbarkExample */,
			);
		};
/* End PBXProject section */

/* Begin PBXResourcesBuildPhase section */
		8BB3EB392705158B009A2A04 /* Resources */ = {
			isa = PBXResourcesBuildPhase;
			buildActionMask = 2147483647;
			files = (
				8BB3EB56270519AC009A2A04 /* Mbark-Info.plist in Resources */,
				8BB3EB4B2705158C009A2A04 /* LaunchScreen.storyboard in Resources */,
				8B5B598C270D589C0064DB1D /* opensslconf.h.orig in Resources */,
				8BB3EB482705158C009A2A04 /* Assets.xcassets in Resources */,
				8BB3EB462705158B009A2A04 /* Main.storyboard in Resources */,
				8B17862E27178BE700CBD454 /* StoreKitTestCertificate.cer in Resources */,
			);
			runOnlyForDeploymentPostprocessing = 0;
		};
/* End PBXResourcesBuildPhase section */

/* Begin PBXSourcesBuildPhase section */
		8BB3EB372705158B009A2A04 /* Sources */ = {
			isa = PBXSourcesBuildPhase;
			buildActionMask = 2147483647;
			files = (
				8B5B5812270D4FBF0064DB1D /* ASN1.swift in Sources */,
				8BB3EB432705158B009A2A04 /* ViewController.swift in Sources */,
				8B5B591B270D55B10064DB1D /* Receipt.swift in Sources */,
				8BB3EB3F2705158B009A2A04 /* AppDelegate.swift in Sources */,
				8B5B5810270D4F0A0064DB1D /* InAppPurchaseReceipt.swift in Sources */,
				8B5B580D270D3E470064DB1D /* PurchaseManager.swift in Sources */,
				8BB3EB412705158B009A2A04 /* SceneDelegate.swift in Sources */,
			);
			runOnlyForDeploymentPostprocessing = 0;
		};
/* End PBXSourcesBuildPhase section */

/* Begin PBXVariantGroup section */
		8BB3EB442705158B009A2A04 /* Main.storyboard */ = {
			isa = PBXVariantGroup;
			children = (
				8BB3EB452705158B009A2A04 /* Base */,
			);
			name = Main.storyboard;
			sourceTree = "<group>";
		};
		8BB3EB492705158C009A2A04 /* LaunchScreen.storyboard */ = {
			isa = PBXVariantGroup;
			children = (
				8BB3EB4A2705158C009A2A04 /* Base */,
			);
			name = LaunchScreen.storyboard;
			sourceTree = "<group>";
		};
/* End PBXVariantGroup section */

/* Begin XCBuildConfiguration section */
		8BB3EB4D2705158C009A2A04 /* Debug */ = {
			isa = XCBuildConfiguration;
			buildSettings = {
				ALWAYS_SEARCH_USER_PATHS = NO;
				CLANG_ANALYZER_NONNULL = YES;
				CLANG_ANALYZER_NUMBER_OBJECT_CONVERSION = YES_AGGRESSIVE;
				CLANG_CXX_LANGUAGE_STANDARD = "gnu++14";
				CLANG_CXX_LIBRARY = "libc++";
				CLANG_ENABLE_MODULES = YES;
				CLANG_ENABLE_OBJC_ARC = YES;
				CLANG_ENABLE_OBJC_WEAK = YES;
				CLANG_WARN_BLOCK_CAPTURE_AUTORELEASING = YES;
				CLANG_WARN_BOOL_CONVERSION = YES;
				CLANG_WARN_COMMA = YES;
				CLANG_WARN_CONSTANT_CONVERSION = YES;
				CLANG_WARN_DEPRECATED_OBJC_IMPLEMENTATIONS = YES;
				CLANG_WARN_DIRECT_OBJC_ISA_USAGE = YES_ERROR;
				CLANG_WARN_DOCUMENTATION_COMMENTS = YES;
				CLANG_WARN_EMPTY_BODY = YES;
				CLANG_WARN_ENUM_CONVERSION = YES;
				CLANG_WARN_INFINITE_RECURSION = YES;
				CLANG_WARN_INT_CONVERSION = YES;
				CLANG_WARN_NON_LITERAL_NULL_CONVERSION = YES;
				CLANG_WARN_OBJC_IMPLICIT_RETAIN_SELF = YES;
				CLANG_WARN_OBJC_LITERAL_CONVERSION = YES;
				CLANG_WARN_OBJC_ROOT_CLASS = YES_ERROR;
				CLANG_WARN_QUOTED_INCLUDE_IN_FRAMEWORK_HEADER = YES;
				CLANG_WARN_RANGE_LOOP_ANALYSIS = YES;
				CLANG_WARN_STRICT_PROTOTYPES = YES;
				CLANG_WARN_SUSPICIOUS_MOVE = YES;
				CLANG_WARN_UNGUARDED_AVAILABILITY = YES_AGGRESSIVE;
				CLANG_WARN_UNREACHABLE_CODE = YES;
				CLANG_WARN__DUPLICATE_METHOD_MATCH = YES;
				COPY_PHASE_STRIP = NO;
				DEBUG_INFORMATION_FORMAT = dwarf;
				ENABLE_STRICT_OBJC_MSGSEND = YES;
				ENABLE_TESTABILITY = YES;
				GCC_C_LANGUAGE_STANDARD = gnu11;
				GCC_DYNAMIC_NO_PIC = NO;
				GCC_NO_COMMON_BLOCKS = YES;
				GCC_OPTIMIZATION_LEVEL = 0;
				GCC_PREPROCESSOR_DEFINITIONS = (
					"DEBUG=1",
					"$(inherited)",
				);
				GCC_WARN_64_TO_32_BIT_CONVERSION = YES;
				GCC_WARN_ABOUT_RETURN_TYPE = YES_ERROR;
				GCC_WARN_UNDECLARED_SELECTOR = YES;
				GCC_WARN_UNINITIALIZED_AUTOS = YES_AGGRESSIVE;
				GCC_WARN_UNUSED_FUNCTION = YES;
				GCC_WARN_UNUSED_VARIABLE = YES;
				IPHONEOS_DEPLOYMENT_TARGET = 14.5;
				MTL_ENABLE_DEBUG_INFO = INCLUDE_SOURCE;
				MTL_FAST_MATH = YES;
				ONLY_ACTIVE_ARCH = YES;
				SDKROOT = iphoneos;
				SWIFT_ACTIVE_COMPILATION_CONDITIONS = DEBUG;
				SWIFT_OPTIMIZATION_LEVEL = "-Onone";
			};
			name = Debug;
		};
		8BB3EB4E2705158C009A2A04 /* Release */ = {
			isa = XCBuildConfiguration;
			buildSettings = {
				ALWAYS_SEARCH_USER_PATHS = NO;
				CLANG_ANALYZER_NONNULL = YES;
				CLANG_ANALYZER_NUMBER_OBJECT_CONVERSION = YES_AGGRESSIVE;
				CLANG_CXX_LANGUAGE_STANDARD = "gnu++14";
				CLANG_CXX_LIBRARY = "libc++";
				CLANG_ENABLE_MODULES = YES;
				CLANG_ENABLE_OBJC_ARC = YES;
				CLANG_ENABLE_OBJC_WEAK = YES;
				CLANG_WARN_BLOCK_CAPTURE_AUTORELEASING = YES;
				CLANG_WARN_BOOL_CONVERSION = YES;
				CLANG_WARN_COMMA = YES;
				CLANG_WARN_CONSTANT_CONVERSION = YES;
				CLANG_WARN_DEPRECATED_OBJC_IMPLEMENTATIONS = YES;
				CLANG_WARN_DIRECT_OBJC_ISA_USAGE = YES_ERROR;
				CLANG_WARN_DOCUMENTATION_COMMENTS = YES;
				CLANG_WARN_EMPTY_BODY = YES;
				CLANG_WARN_ENUM_CONVERSION = YES;
				CLANG_WARN_INFINITE_RECURSION = YES;
				CLANG_WARN_INT_CONVERSION = YES;
				CLANG_WARN_NON_LITERAL_NULL_CONVERSION = YES;
				CLANG_WARN_OBJC_IMPLICIT_RETAIN_SELF = YES;
				CLANG_WARN_OBJC_LITERAL_CONVERSION = YES;
				CLANG_WARN_OBJC_ROOT_CLASS = YES_ERROR;
				CLANG_WARN_QUOTED_INCLUDE_IN_FRAMEWORK_HEADER = YES;
				CLANG_WARN_RANGE_LOOP_ANALYSIS = YES;
				CLANG_WARN_STRICT_PROTOTYPES = YES;
				CLANG_WARN_SUSPICIOUS_MOVE = YES;
				CLANG_WARN_UNGUARDED_AVAILABILITY = YES_AGGRESSIVE;
				CLANG_WARN_UNREACHABLE_CODE = YES;
				CLANG_WARN__DUPLICATE_METHOD_MATCH = YES;
				COPY_PHASE_STRIP = NO;
				DEBUG_INFORMATION_FORMAT = "dwarf-with-dsym";
				ENABLE_NS_ASSERTIONS = NO;
				ENABLE_STRICT_OBJC_MSGSEND = YES;
				GCC_C_LANGUAGE_STANDARD = gnu11;
				GCC_NO_COMMON_BLOCKS = YES;
				GCC_WARN_64_TO_32_BIT_CONVERSION = YES;
				GCC_WARN_ABOUT_RETURN_TYPE = YES_ERROR;
				GCC_WARN_UNDECLARED_SELECTOR = YES;
				GCC_WARN_UNINITIALIZED_AUTOS = YES_AGGRESSIVE;
				GCC_WARN_UNUSED_FUNCTION = YES;
				GCC_WARN_UNUSED_VARIABLE = YES;
				IPHONEOS_DEPLOYMENT_TARGET = 14.5;
				MTL_ENABLE_DEBUG_INFO = NO;
				MTL_FAST_MATH = YES;
				SDKROOT = iphoneos;
				SWIFT_COMPILATION_MODE = wholemodule;
				SWIFT_OPTIMIZATION_LEVEL = "-O";
				VALIDATE_PRODUCT = YES;
			};
			name = Release;
		};
		8BB3EB502705158C009A2A04 /* Debug */ = {
			isa = XCBuildConfiguration;
			buildSettings = {
				ASSETCATALOG_COMPILER_APPICON_NAME = AppIcon;
				ASSETCATALOG_COMPILER_GLOBAL_ACCENT_COLOR_NAME = AccentColor;
				CLANG_ENABLE_MODULES = YES;
				CODE_SIGN_STYLE = Automatic;
				DEVELOPMENT_TEAM = U7QN58HQM8;
				HEADER_SEARCH_PATHS = "$(PROJECT_DIR)/OpenSSL/include";
				INFOPLIST_FILE = MbarkExample/Info.plist;
				LD_RUNPATH_SEARCH_PATHS = (
					"$(inherited)",
					"@executable_path/Frameworks",
				);
				LIBRARY_SEARCH_PATHS = (
					"$(inherited)",
					"$(PROJECT_DIR)/OpenSSL/lib",
				);
				PRODUCT_BUNDLE_IDENTIFIER = co.mbark.MbarkExample;
				PRODUCT_NAME = "$(TARGET_NAME)";
				SWIFT_OBJC_BRIDGING_HEADER = "MbarkExample-Bridging-Header.h";
				SWIFT_OPTIMIZATION_LEVEL = "-Onone";
				SWIFT_VERSION = 5.0;
				TARGETED_DEVICE_FAMILY = "1,2";
			};
			name = Debug;
		};
		8BB3EB512705158C009A2A04 /* Release */ = {
			isa = XCBuildConfiguration;
			buildSettings = {
				ASSETCATALOG_COMPILER_APPICON_NAME = AppIcon;
				ASSETCATALOG_COMPILER_GLOBAL_ACCENT_COLOR_NAME = AccentColor;
				CLANG_ENABLE_MODULES = YES;
				CODE_SIGN_STYLE = Automatic;
				DEVELOPMENT_TEAM = U7QN58HQM8;
				HEADER_SEARCH_PATHS = "$(PROJECT_DIR)/OpenSSL/include";
				INFOPLIST_FILE = MbarkExample/Info.plist;
				LD_RUNPATH_SEARCH_PATHS = (
					"$(inherited)",
					"@executable_path/Frameworks",
				);
				LIBRARY_SEARCH_PATHS = (
					"$(inherited)",
					"$(PROJECT_DIR)/OpenSSL/lib",
				);
				PRODUCT_BUNDLE_IDENTIFIER = co.mbark.MbarkExample;
				PRODUCT_NAME = "$(TARGET_NAME)";
				SWIFT_OBJC_BRIDGING_HEADER = "MbarkExample-Bridging-Header.h";
				SWIFT_VERSION = 5.0;
				TARGETED_DEVICE_FAMILY = "1,2";
			};
			name = Release;
		};
/* End XCBuildConfiguration section */

/* Begin XCConfigurationList section */
		8BB3EB362705158B009A2A04 /* Build configuration list for PBXProject "MbarkExample" */ = {
			isa = XCConfigurationList;
			buildConfigurations = (
				8BB3EB4D2705158C009A2A04 /* Debug */,
				8BB3EB4E2705158C009A2A04 /* Release */,
			);
			defaultConfigurationIsVisible = 0;
			defaultConfigurationName = Release;
		};
		8BB3EB4F2705158C009A2A04 /* Build configuration list for PBXNativeTarget "MbarkExample" */ = {
			isa = XCConfigurationList;
			buildConfigurations = (
				8BB3EB502705158C009A2A04 /* Debug */,
				8BB3EB512705158C009A2A04 /* Release */,
			);
			defaultConfigurationIsVisible = 0;
			defaultConfigurationName = Release;
		};
/* End XCConfigurationList section */

/* Begin XCRemoteSwiftPackageReference section */
		8BE9CE2D27064F5500626FE8 /* XCRemoteSwiftPackageReference "mbark-sdk" */ = {
			isa = XCRemoteSwiftPackageReference;
			repositoryURL = "https://github.com/mbark-app-inc/mbark-sdk";
			requirement = {
				kind = upToNextMajorVersion;
				minimumVersion = 1.4.9;
			};
		};
/* End XCRemoteSwiftPackageReference section */

/* Begin XCSwiftPackageProductDependency section */
		8BE9CE2E27064F5500626FE8 /* Mbark */ = {
			isa = XCSwiftPackageProductDependency;
			package = 8BE9CE2D27064F5500626FE8 /* XCRemoteSwiftPackageReference "mbark-sdk" */;
			productName = Mbark;
		};
/* End XCSwiftPackageProductDependency section */
	};
	rootObject = 8BB3EB332705158B009A2A04 /* Project object */;
}
