{
  "object": {
    "pins": [
      {
        "package": "Mbark",
        "repositoryURL": "https://github.com/mbark-app-inc/mbark-sdk",
        "state": {
          "branch": null,
          "revision": "602d60e2be318cf99527f1f495f9bccffd3afcdf",
          "version": "1.4.8"
        }
      }
    ]
  },
  "version": 1
}
